
Microsoft Visual Studio Solution File, Format Version 12.00
# Visual Studio Version 17
VisualStudioVersion = 17.3.32901.215
MinimumVisualStudioVersion = 10.0.40219.1
Project("{F184B08F-C81C-45F6-A57F-5ABD9991F28F}") = "csv_parser", "csv_parser.vbproj", "{C24396DE-4BC9-41D8-B711-99E25E271041}"
EndProject
Global
	GlobalSection(SolutionConfigurationPlatforms) = preSolution
		Debug|Any CPU = Debug|Any CPU
		Release|Any CPU = Release|Any CPU
	EndGlobalSection
	GlobalSection(ProjectConfigurationPlatforms) = postSolution
		{C24396DE-4BC9-41D8-B711-99E25E271041}.Debug|Any CPU.ActiveCfg = Debug|Any CPU
		{C24396DE-4BC9-41D8-B711-99E25E271041}.Debug|Any CPU.Build.0 = Debug|Any CPU
		{C24396DE-4BC9-41D8-B711-99E25E271041}.Release|Any CPU.ActiveCfg = Release|Any CPU
		{C24396DE-4BC9-41D8-B711-99E25E271041}.Release|Any CPU.Build.0 = Release|Any CPU
	EndGlobalSection
	GlobalSection(SolutionProperties) = preSolution
		HideSolutionNode = FALSE
	EndGlobalSection
	GlobalSection(ExtensibilityGlobals) = postSolution
		SolutionGuid = {1CA58EA7-B2B1-4352-AB01-E7D73855EB55}
	EndGlobalSection
EndGlobal
